
Microsoft Visual Studio Solution File, Format Version 12.00
# Visual Studio Version 16
VisualStudioVersion = 16.0.30621.155
MinimumVisualStudioVersion = 10.0.40219.1
Project("{FAE04EC0-301F-11D3-BF4B-00C04F79EFBC}") = "TestSuccessfulOrder", "TestSuccessfulOrder\TestSuccessfulOrder.csproj", "{CFFD45DE-A618-4E33-A480-07C960504896}"
EndProject
Global
	GlobalSection(SolutionConfigurationPlatforms) = preSolution
		Debug|Any CPU = Debug|Any CPU
		Release|Any CPU = Release|Any CPU
	EndGlobalSection
	GlobalSection(ProjectConfigurationPlatforms) = postSolution
		{CFFD45DE-A618-4E33-A480-07C960504896}.Debug|Any CPU.ActiveCfg = Debug|Any CPU
		{CFFD45DE-A618-4E33-A480-07C960504896}.Debug|Any CPU.Build.0 = Debug|Any CPU
		{CFFD45DE-A618-4E33-A480-07C960504896}.Release|Any CPU.ActiveCfg = Release|Any CPU
		{CFFD45DE-A618-4E33-A480-07C960504896}.Release|Any CPU.Build.0 = Release|Any CPU
	EndGlobalSection
	GlobalSection(SolutionProperties) = preSolution
		HideSolutionNode = FALSE
	EndGlobalSection
	GlobalSection(ExtensibilityGlobals) = postSolution
		SolutionGuid = {7FA7DD72-E012-4B17-99D6-394630C17C6C}
	EndGlobalSection
EndGlobal
